
Microsoft Visual Studio Solution File, Format Version 12.00
# Visual Studio 14
VisualStudioVersion = 14.0.25420.1
MinimumVisualStudioVersion = 10.0.40219.1
Project("{FAE04EC0-301F-11D3-BF4B-00C04F79EFBC}") = "BichoDenunciaService", "BichoDenunciaService\BichoDenunciaService.csproj", "{F79E155A-174D-4EE1-A9B0-5B49422E57A3}"
EndProject
Global
	GlobalSection(SolutionConfigurationPlatforms) = preSolution
		Debug|Any CPU = Debug|Any CPU
		Release|Any CPU = Release|Any CPU
	EndGlobalSection
	GlobalSection(ProjectConfigurationPlatforms) = postSolution
		{F79E155A-174D-4EE1-A9B0-5B49422E57A3}.Debug|Any CPU.ActiveCfg = Debug|Any CPU
		{F79E155A-174D-4EE1-A9B0-5B49422E57A3}.Debug|Any CPU.Build.0 = Debug|Any CPU
		{F79E155A-174D-4EE1-A9B0-5B49422E57A3}.Release|Any CPU.ActiveCfg = Release|Any CPU
		{F79E155A-174D-4EE1-A9B0-5B49422E57A3}.Release|Any CPU.Build.0 = Release|Any CPU
	EndGlobalSection
	GlobalSection(SolutionProperties) = preSolution
		HideSolutionNode = FALSE
	EndGlobalSection
EndGlobal
